// !$*UTF8*$!
{
	archiveVersion = 1;
	classes = {
	};
	objectVersion = 50;
	objects = {

/* Begin PBXBuildFile section */
		A6D06172211394FD001F86B8 /* AppDelegate.swift in Sources */ = {isa = PBXBuildFile; fileRef = A6D06171211394FD001F86B8 /* AppDelegate.swift */; };
		A6D06177211394FD001F86B8 /* Main.storyboard in Resources */ = {isa = PBXBuildFile; fileRef = A6D06175211394FD001F86B8 /* Main.storyboard */; };
		A6D0617921139501001F86B8 /* Assets.xcassets in Resources */ = {isa = PBXBuildFile; fileRef = A6D0617821139501001F86B8 /* Assets.xcassets */; };
		A6D0617C21139501001F86B8 /* LaunchScreen.storyboard in Resources */ = {isa = PBXBuildFile; fileRef = A6D0617A21139501001F86B8 /* LaunchScreen.storyboard */; };
		A6D0618721139554001F86B8 /* Photo.swift in Sources */ = {isa = PBXBuildFile; fileRef = A6D0618621139554001F86B8 /* Photo.swift */; };
		A6D0618B21139592001F86B8 /* PhotoController.swift in Sources */ = {isa = PBXBuildFile; fileRef = A6D0618A21139592001F86B8 /* PhotoController.swift */; };
		A6D0618D2113973F001F86B8 /* ThemeHelper.swift in Sources */ = {isa = PBXBuildFile; fileRef = A6D0618C2113973F001F86B8 /* ThemeHelper.swift */; };
		A6D0618F2113A62A001F86B8 /* PhotosCollectionViewController.swift in Sources */ = {isa = PBXBuildFile; fileRef = A6D0618E2113A62A001F86B8 /* PhotosCollectionViewController.swift */; };
		A6D061912113A79A001F86B8 /* PhotosCollectionViewCell.swift in Sources */ = {isa = PBXBuildFile; fileRef = A6D061902113A79A001F86B8 /* PhotosCollectionViewCell.swift */; };
		A6D061932113A95B001F86B8 /* PhotoDetailViewController.swift in Sources */ = {isa = PBXBuildFile; fileRef = A6D061922113A95B001F86B8 /* PhotoDetailViewController.swift */; };
		A6D061952113AEFC001F86B8 /* ThemeSelectionViewController.swift in Sources */ = {isa = PBXBuildFile; fileRef = A6D061942113AEFC001F86B8 /* ThemeSelectionViewController.swift */; };
/* End PBXBuildFile section */

/* Begin PBXFileReference section */
		A6D0616E211394FD001F86B8 /* iOSPhotoCollection.app */ = {isa = PBXFileReference; explicitFileType = wrapper.application; includeInIndex = 0; path = iOSPhotoCollection.app; sourceTree = BUILT_PRODUCTS_DIR; };
		A6D06171211394FD001F86B8 /* AppDelegate.swift */ = {isa = PBXFileReference; lastKnownFileType = sourcecode.swift; path = AppDelegate.swift; sourceTree = "<group>"; };
		A6D06176211394FD001F86B8 /* Base */ = {isa = PBXFileReference; lastKnownFileType = file.storyboard; name = Base; path = Base.lproj/Main.storyboard; sourceTree = "<group>"; };
		A6D0617821139501001F86B8 /* Assets.xcassets */ = {isa = PBXFileReference; lastKnownFileType = folder.assetcatalog; path = Assets.xcassets; sourceTree = "<group>"; };
		A6D0617B21139501001F86B8 /* Base */ = {isa = PBXFileReference; lastKnownFileType = file.storyboard; name = Base; path = Base.lproj/LaunchScreen.storyboard; sourceTree = "<group>"; };
		A6D0617D21139501001F86B8 /* Info.plist */ = {isa = PBXFileReference; lastKnownFileType = text.plist.xml; path = Info.plist; sourceTree = "<group>"; };
		A6D0618621139554001F86B8 /* Photo.swift */ = {isa = PBXFileReference; lastKnownFileType = sourcecode.swift; path = Photo.swift; sourceTree = "<group>"; };
		A6D0618A21139592001F86B8 /* PhotoController.swift */ = {isa = PBXFileReference; lastKnownFileType = sourcecode.swift; path = PhotoController.swift; sourceTree = "<group>"; };
		A6D0618C2113973F001F86B8 /* ThemeHelper.swift */ = {isa = PBXFileReference; lastKnownFileType = sourcecode.swift; path = ThemeHelper.swift; sourceTree = "<group>"; };
		A6D0618E2113A62A001F86B8 /* PhotosCollectionViewController.swift */ = {isa = PBXFileReference; lastKnownFileType = sourcecode.swift; path = PhotosCollectionViewController.swift; sourceTree = "<group>"; };
		A6D061902113A79A001F86B8 /* PhotosCollectionViewCell.swift */ = {isa = PBXFileReference; lastKnownFileType = sourcecode.swift; path = PhotosCollectionViewCell.swift; sourceTree = "<group>"; };
		A6D061922113A95B001F86B8 /* PhotoDetailViewController.swift */ = {isa = PBXFileReference; lastKnownFileType = sourcecode.swift; path = PhotoDetailViewController.swift; sourceTree = "<group>"; };
		A6D061942113AEFC001F86B8 /* ThemeSelectionViewController.swift */ = {isa = PBXFileReference; lastKnownFileType = sourcecode.swift; path = ThemeSelectionViewController.swift; sourceTree = "<group>"; };
/* End PBXFileReference section */

/* Begin PBXFrameworksBuildPhase section */
		A6D0616B211394FD001F86B8 /* Frameworks */ = {
			isa = PBXFrameworksBuildPhase;
			buildActionMask = 2147483647;
			files = (
			);
			runOnlyForDeploymentPostprocessing = 0;
		};
/* End PBXFrameworksBuildPhase section */

/* Begin PBXGroup section */
		A6D06165211394FD001F86B8 = {
			isa = PBXGroup;
			children = (
				A6D06170211394FD001F86B8 /* iOSPhotoCollection */,
				A6D0616F211394FD001F86B8 /* Products */,
			);
			sourceTree = "<group>";
		};
		A6D0616F211394FD001F86B8 /* Products */ = {
			isa = PBXGroup;
			children = (
				A6D0616E211394FD001F86B8 /* iOSPhotoCollection.app */,
			);
			name = Products;
			sourceTree = "<group>";
		};
		A6D06170211394FD001F86B8 /* iOSPhotoCollection */ = {
			isa = PBXGroup;
			children = (
				A6D0618521139543001F86B8 /* Models */,
				A6D061842113953E001F86B8 /* Views */,
				A6D0618321139537001F86B8 /* Controllers */,
				A6D06171211394FD001F86B8 /* AppDelegate.swift */,
				A6D06175211394FD001F86B8 /* Main.storyboard */,
				A6D0617821139501001F86B8 /* Assets.xcassets */,
				A6D0617A21139501001F86B8 /* LaunchScreen.storyboard */,
				A6D0617D21139501001F86B8 /* Info.plist */,
			);
			path = iOSPhotoCollection;
			sourceTree = "<group>";
		};
		A6D0618321139537001F86B8 /* Controllers */ = {
			isa = PBXGroup;
			children = (
				A6D0618E2113A62A001F86B8 /* PhotosCollectionViewController.swift */,
				A6D061922113A95B001F86B8 /* PhotoDetailViewController.swift */,
				A6D061942113AEFC001F86B8 /* ThemeSelectionViewController.swift */,
			);
			path = Controllers;
			sourceTree = "<group>";
		};
		A6D061842113953E001F86B8 /* Views */ = {
			isa = PBXGroup;
			children = (
				A6D061902113A79A001F86B8 /* PhotosCollectionViewCell.swift */,
			);
			path = Views;
			sourceTree = "<group>";
		};
		A6D0618521139543001F86B8 /* Models */ = {
			isa = PBXGroup;
			children = (
				A6D0618621139554001F86B8 /* Photo.swift */,
				A6D0618A21139592001F86B8 /* PhotoController.swift */,
				A6D0618C2113973F001F86B8 /* ThemeHelper.swift */,
			);
			path = Models;
			sourceTree = "<group>";
		};
/* End PBXGroup section */

/* Begin PBXNativeTarget section */
		A6D0616D211394FD001F86B8 /* iOSPhotoCollection */ = {
			isa = PBXNativeTarget;
			buildConfigurationList = A6D0618021139501001F86B8 /* Build configuration list for PBXNativeTarget "iOSPhotoCollection" */;
			buildPhases = (
				A6D0616A211394FD001F86B8 /* Sources */,
				A6D0616B211394FD001F86B8 /* Frameworks */,
				A6D0616C211394FD001F86B8 /* Resources */,
			);
			buildRules = (
			);
			dependencies = (
			);
			name = iOSPhotoCollection;
			productName = iOSPhotoCollection;
			productReference = A6D0616E211394FD001F86B8 /* iOSPhotoCollection.app */;
			productType = "com.apple.product-type.application";
		};
/* End PBXNativeTarget section */

/* Begin PBXProject section */
		A6D06166211394FD001F86B8 /* Project object */ = {
			isa = PBXProject;
			attributes = {
				LastSwiftUpdateCheck = 0940;
				LastUpgradeCheck = 0940;
				ORGANIZATIONNAME = "David Oliver Doswell";
				TargetAttributes = {
					A6D0616D211394FD001F86B8 = {
						CreatedOnToolsVersion = 9.4.1;
					};
				};
			};
			buildConfigurationList = A6D06169211394FD001F86B8 /* Build configuration list for PBXProject "iOSPhotoCollection" */;
			compatibilityVersion = "Xcode 9.3";
			developmentRegion = en;
			hasScannedForEncodings = 0;
			knownRegions = (
				en,
				Base,
			);
			mainGroup = A6D06165211394FD001F86B8;
			productRefGroup = A6D0616F211394FD001F86B8 /* Products */;
			projectDirPath = "";
			projectRoot = "";
			targets = (
				A6D0616D211394FD001F86B8 /* iOSPhotoCollection */,
			);
		};
/* End PBXProject section */

/* Begin PBXResourcesBuildPhase section */
		A6D0616C211394FD001F86B8 /* Resources */ = {
			isa = PBXResourcesBuildPhase;
			buildActionMask = 2147483647;
			files = (
				A6D0617C21139501001F86B8 /* LaunchScreen.storyboard in Resources */,
				A6D0617921139501001F86B8 /* Assets.xcassets in Resources */,
				A6D06177211394FD001F86B8 /* Main.storyboard in Resources */,
			);
			runOnlyForDeploymentPostprocessing = 0;
		};
/* End PBXResourcesBuildPhase section */

/* Begin PBXSourcesBuildPhase section */
		A6D0616A211394FD001F86B8 /* Sources */ = {
			isa = PBXSourcesBuildPhase;
			buildActionMask = 2147483647;
			files = (
				A6D0618B21139592001F86B8 /* PhotoController.swift in Sources */,
				A6D061952113AEFC001F86B8 /* ThemeSelectionViewController.swift in Sources */,
				A6D0618721139554001F86B8 /* Photo.swift in Sources */,
				A6D06172211394FD001F86B8 /* AppDelegate.swift in Sources */,
				A6D061932113A95B001F86B8 /* PhotoDetailViewController.swift in Sources */,
				A6D0618F2113A62A001F86B8 /* PhotosCollectionViewController.swift in Sources */,
				A6D0618D2113973F001F86B8 /* ThemeHelper.swift in Sources */,
				A6D061912113A79A001F86B8 /* PhotosCollectionViewCell.swift in Sources */,
			);
			runOnlyForDeploymentPostprocessing = 0;
		};
/* End PBXSourcesBuildPhase section */

/* Begin PBXVariantGroup section */
		A6D06175211394FD001F86B8 /* Main.storyboard */ = {
			isa = PBXVariantGroup;
			children = (
				A6D06176211394FD001F86B8 /* Base */,
			);
			name = Main.storyboard;
			sourceTree = "<group>";
		};
		A6D0617A21139501001F86B8 /* LaunchScreen.storyboard */ = {
			isa = PBXVariantGroup;
			children = (
				A6D0617B21139501001F86B8 /* Base */,
			);
			name = LaunchScreen.storyboard;
			sourceTree = "<group>";
		};
/* End PBXVariantGroup section */

/* Begin XCBuildConfiguration section */
		A6D0617E21139501001F86B8 /* Debug */ = {
			isa = XCBuildConfiguration;
			buildSettings = {
				ALWAYS_SEARCH_USER_PATHS = NO;
				CLANG_ANALYZER_NONNULL = YES;
				CLANG_ANALYZER_NUMBER_OBJECT_CONVERSION = YES_AGGRESSIVE;
				CLANG_CXX_LANGUAGE_STANDARD = "gnu++14";
				CLANG_CXX_LIBRARY = "libc++";
				CLANG_ENABLE_MODULES = YES;
				CLANG_ENABLE_OBJC_ARC = YES;
				CLANG_ENABLE_OBJC_WEAK = YES;
				CLANG_WARN_BLOCK_CAPTURE_AUTORELEASING = YES;
				CLANG_WARN_BOOL_CONVERSION = YES;
				CLANG_WARN_COMMA = YES;
				CLANG_WARN_CONSTANT_CONVERSION = YES;
				CLANG_WARN_DEPRECATED_OBJC_IMPLEMENTATIONS = YES;
				CLANG_WARN_DIRECT_OBJC_ISA_USAGE = YES_ERROR;
				CLANG_WARN_DOCUMENTATION_COMMENTS = YES;
				CLANG_WARN_EMPTY_BODY = YES;
				CLANG_WARN_ENUM_CONVERSION = YES;
				CLANG_WARN_INFINITE_RECURSION = YES;
				CLANG_WARN_INT_CONVERSION = YES;
				CLANG_WARN_NON_LITERAL_NULL_CONVERSION = YES;
				CLANG_WARN_OBJC_IMPLICIT_RETAIN_SELF = YES;
				CLANG_WARN_OBJC_LITERAL_CONVERSION = YES;
				CLANG_WARN_OBJC_ROOT_CLASS = YES_ERROR;
				CLANG_WARN_RANGE_LOOP_ANALYSIS = YES;
				CLANG_WARN_STRICT_PROTOTYPES = YES;
				CLANG_WARN_SUSPICIOUS_MOVE = YES;
				CLANG_WARN_UNGUARDED_AVAILABILITY = YES_AGGRESSIVE;
				CLANG_WARN_UNREACHABLE_CODE = YES;
				CLANG_WARN__DUPLICATE_METHOD_MATCH = YES;
				CODE_SIGN_IDENTITY = "iPhone Developer";
				COPY_PHASE_STRIP = NO;
				DEBUG_INFORMATION_FORMAT = dwarf;
				ENABLE_STRICT_OBJC_MSGSEND = YES;
				ENABLE_TESTABILITY = YES;
				GCC_C_LANGUAGE_STANDARD = gnu11;
				GCC_DYNAMIC_NO_PIC = NO;
				GCC_NO_COMMON_BLOCKS = YES;
				GCC_OPTIMIZATION_LEVEL = 0;
				GCC_PREPROCESSOR_DEFINITIONS = (
					"DEBUG=1",
					"$(inherited)",
				);
				GCC_WARN_64_TO_32_BIT_CONVERSION = YES;
				GCC_WARN_ABOUT_RETURN_TYPE = YES_ERROR;
				GCC_WARN_UNDECLARED_SELECTOR = YES;
				GCC_WARN_UNINITIALIZED_AUTOS = YES_AGGRESSIVE;
				GCC_WARN_UNUSED_FUNCTION = YES;
				GCC_WARN_UNUSED_VARIABLE = YES;
				IPHONEOS_DEPLOYMENT_TARGET = 11.4;
				MTL_ENABLE_DEBUG_INFO = YES;
				ONLY_ACTIVE_ARCH = YES;
				SDKROOT = iphoneos;
				SWIFT_ACTIVE_COMPILATION_CONDITIONS = DEBUG;
				SWIFT_OPTIMIZATION_LEVEL = "-Onone";
			};
			name = Debug;
		};
		A6D0617F21139501001F86B8 /* Release */ = {
			isa = XCBuildConfiguration;
			buildSettings = {
				ALWAYS_SEARCH_USER_PATHS = NO;
				CLANG_ANALYZER_NONNULL = YES;
				CLANG_ANALYZER_NUMBER_OBJECT_CONVERSION = YES_AGGRESSIVE;
				CLANG_CXX_LANGUAGE_STANDARD = "gnu++14";
				CLANG_CXX_LIBRARY = "libc++";
				CLANG_ENABLE_MODULES = YES;
				CLANG_ENABLE_OBJC_ARC = YES;
				CLANG_ENABLE_OBJC_WEAK = YES;
				CLANG_WARN_BLOCK_CAPTURE_AUTORELEASING = YES;
				CLANG_WARN_BOOL_CONVERSION = YES;
				CLANG_WARN_COMMA = YES;
				CLANG_WARN_CONSTANT_CONVERSION = YES;
				CLANG_WARN_DEPRECATED_OBJC_IMPLEMENTATIONS = YES;
				CLANG_WARN_DIRECT_OBJC_ISA_USAGE = YES_ERROR;
				CLANG_WARN_DOCUMENTATION_COMMENTS = YES;
				CLANG_WARN_EMPTY_BODY = YES;
				CLANG_WARN_ENUM_CONVERSION = YES;
				CLANG_WARN_INFINITE_RECURSION = YES;
				CLANG_WARN_INT_CONVERSION = YES;
				CLANG_WARN_NON_LITERAL_NULL_CONVERSION = YES;
				CLANG_WARN_OBJC_IMPLICIT_RETAIN_SELF = YES;
				CLANG_WARN_OBJC_LITERAL_CONVERSION = YES;
				CLANG_WARN_OBJC_ROOT_CLASS = YES_ERROR;
				CLANG_WARN_RANGE_LOOP_ANALYSIS = YES;
				CLANG_WARN_STRICT_PROTOTYPES = YES;
				CLANG_WARN_SUSPICIOUS_MOVE = YES;
				CLANG_WARN_UNGUARDED_AVAILABILITY = YES_AGGRESSIVE;
				CLANG_WARN_UNREACHABLE_CODE = YES;
				CLANG_WARN__DUPLICATE_METHOD_MATCH = YES;
				CODE_SIGN_IDENTITY = "iPhone Developer";
				COPY_PHASE_STRIP = NO;
				DEBUG_INFORMATION_FORMAT = "dwarf-with-dsym";
				ENABLE_NS_ASSERTIONS = NO;
				ENABLE_STRICT_OBJC_MSGSEND = YES;
				GCC_C_LANGUAGE_STANDARD = gnu11;
				GCC_NO_COMMON_BLOCKS = YES;
				GCC_WARN_64_TO_32_BIT_CONVERSION = YES;
				GCC_WARN_ABOUT_RETURN_TYPE = YES_ERROR;
				GCC_WARN_UNDECLARED_SELECTOR = YES;
				GCC_WARN_UNINITIALIZED_AUTOS = YES_AGGRESSIVE;
				GCC_WARN_UNUSED_FUNCTION = YES;
				GCC_WARN_UNUSED_VARIABLE = YES;
				IPHONEOS_DEPLOYMENT_TARGET = 11.4;
				MTL_ENABLE_DEBUG_INFO = NO;
				SDKROOT = iphoneos;
				SWIFT_COMPILATION_MODE = wholemodule;
				SWIFT_OPTIMIZATION_LEVEL = "-O";
				VALIDATE_PRODUCT = YES;
			};
			name = Release;
		};
		A6D0618121139501001F86B8 /* Debug */ = {
			isa = XCBuildConfiguration;
			buildSettings = {
				ASSETCATALOG_COMPILER_APPICON_NAME = AppIcon;
				CODE_SIGN_STYLE = Automatic;
				DEVELOPMENT_TEAM = 583SEL8QQU;
				INFOPLIST_FILE = iOSPhotoCollection/Info.plist;
				LD_RUNPATH_SEARCH_PATHS = (
					"$(inherited)",
					"@executable_path/Frameworks",
				);
				PRODUCT_BUNDLE_IDENTIFIER = com.davidoliverdoswell.iOSPhotoCollection;
				PRODUCT_NAME = "$(TARGET_NAME)";
				SWIFT_VERSION = 4.0;
				TARGETED_DEVICE_FAMILY = "1,2";
			};
			name = Debug;
		};
		A6D0618221139501001F86B8 /* Release */ = {
			isa = XCBuildConfiguration;
			buildSettings = {
				ASSETCATALOG_COMPILER_APPICON_NAME = AppIcon;
				CODE_SIGN_STYLE = Automatic;
				DEVELOPMENT_TEAM = 583SEL8QQU;
				INFOPLIST_FILE = iOSPhotoCollection/Info.plist;
				LD_RUNPATH_SEARCH_PATHS = (
					"$(inherited)",
					"@executable_path/Frameworks",
				);
				PRODUCT_BUNDLE_IDENTIFIER = com.davidoliverdoswell.iOSPhotoCollection;
				PRODUCT_NAME = "$(TARGET_NAME)";
				SWIFT_VERSION = 4.0;
				TARGETED_DEVICE_FAMILY = "1,2";
			};
			name = Release;
		};
/* End XCBuildConfiguration section */

/* Begin XCConfigurationList section */
		A6D06169211394FD001F86B8 /* Build configuration list for PBXProject "iOSPhotoCollection" */ = {
			isa = XCConfigurationList;
			buildConfigurations = (
				A6D0617E21139501001F86B8 /* Debug */,
				A6D0617F21139501001F86B8 /* Release */,
			);
			defaultConfigurationIsVisible = 0;
			defaultConfigurationName = Release;
		};
		A6D0618021139501001F86B8 /* Build configuration list for PBXNativeTarget "iOSPhotoCollection" */ = {
			isa = XCConfigurationList;
			buildConfigurations = (
				A6D0618121139501001F86B8 /* Debug */,
				A6D0618221139501001F86B8 /* Release */,
			);
			defaultConfigurationIsVisible = 0;
			defaultConfigurationName = Release;
		};
/* End XCConfigurationList section */
	};
	rootObject = A6D06166211394FD001F86B8 /* Project object */;
}
